
Microsoft Visual Studio Solution File, Format Version 12.00
# Visual Studio 15
VisualStudioVersion = 15.0.28010.2026
MinimumVisualStudioVersion = 10.0.40219.1
Project("{9A19103F-16F7-4668-BE54-9A1E7A4F7556}") = "Utilities", "Utilities\Utilities.csproj", "{2D44D8BF-955A-483F-9E9E-8628F021D705}"
EndProject
Project("{FAE04EC0-301F-11D3-BF4B-00C04F79EFBC}") = "Utilities.Test", "Utilities.Test\Utilities.Test.csproj", "{963F13EC-7699-4DD8-98A3-D93665D24168}"
EndProject
Global
	GlobalSection(SolutionConfigurationPlatforms) = preSolution
		Debug|Any CPU = Debug|Any CPU
		Release|Any CPU = Release|Any CPU
	EndGlobalSection
	GlobalSection(ProjectConfigurationPlatforms) = postSolution
		{2D44D8BF-955A-483F-9E9E-8628F021D705}.Debug|Any CPU.ActiveCfg = Debug|Any CPU
		{2D44D8BF-955A-483F-9E9E-8628F021D705}.Debug|Any CPU.Build.0 = Debug|Any CPU
		{2D44D8BF-955A-483F-9E9E-8628F021D705}.Release|Any CPU.ActiveCfg = Release|Any CPU
		{2D44D8BF-955A-483F-9E9E-8628F021D705}.Release|Any CPU.Build.0 = Release|Any CPU
		{963F13EC-7699-4DD8-98A3-D93665D24168}.Debug|Any CPU.ActiveCfg = Debug|Any CPU
		{963F13EC-7699-4DD8-98A3-D93665D24168}.Debug|Any CPU.Build.0 = Debug|Any CPU
		{963F13EC-7699-4DD8-98A3-D93665D24168}.Release|Any CPU.ActiveCfg = Release|Any CPU
		{963F13EC-7699-4DD8-98A3-D93665D24168}.Release|Any CPU.Build.0 = Release|Any CPU
	EndGlobalSection
	GlobalSection(SolutionProperties) = preSolution
		HideSolutionNode = FALSE
	EndGlobalSection
	GlobalSection(ExtensibilityGlobals) = postSolution
		SolutionGuid = {981FC2A1-7A46-4ACD-947E-D105DF56C2F2}
	EndGlobalSection
EndGlobal
